
Microsoft Visual Studio Solution File, Format Version 12.00
# Visual Studio Version 17
VisualStudioVersion = 17.11.35303.130
MinimumVisualStudioVersion = 10.0.40219.1
Project("{9A19103F-16F7-4668-BE54-9A1E7A4F7556}") = "anybotics-anymal", "anybotics-anymal\anybotics-anymal.csproj", "{44A79884-657F-4823-B43C-562F1167DEF0}"
EndProject
Project("{9A19103F-16F7-4668-BE54-9A1E7A4F7556}") = "anybotics-agent-runner", "anybotics-agent-runner\anybotics-agent-runner.csproj", "{38FBD341-FCD7-4527-8BDB-A29B45E4B89E}"
EndProject
Project("{9A19103F-16F7-4668-BE54-9A1E7A4F7556}") = "anybotics-anymal-common", "..\..\back-end\external APIs\anybotics\anybotics-anymal-common\anybotics-anymal-common.csproj", "{AEAE8BE1-2C7D-4590-8F58-8EEDDC9092F1}"
EndProject
Global
	GlobalSection(SolutionConfigurationPlatforms) = preSolution
		Debug|Any CPU = Debug|Any CPU
		Release|Any CPU = Release|Any CPU
	EndGlobalSection
	GlobalSection(ProjectConfigurationPlatforms) = postSolution
		{44A79884-657F-4823-B43C-562F1167DEF0}.Debug|Any CPU.ActiveCfg = Debug|Any CPU
		{44A79884-657F-4823-B43C-562F1167DEF0}.Debug|Any CPU.Build.0 = Debug|Any CPU
		{44A79884-657F-4823-B43C-562F1167DEF0}.Release|Any CPU.ActiveCfg = Release|Any CPU
		{44A79884-657F-4823-B43C-562F1167DEF0}.Release|Any CPU.Build.0 = Release|Any CPU
		{38FBD341-FCD7-4527-8BDB-A29B45E4B89E}.Debug|Any CPU.ActiveCfg = Debug|Any CPU
		{38FBD341-FCD7-4527-8BDB-A29B45E4B89E}.Debug|Any CPU.Build.0 = Debug|Any CPU
		{38FBD341-FCD7-4527-8BDB-A29B45E4B89E}.Release|Any CPU.ActiveCfg = Release|Any CPU
		{38FBD341-FCD7-4527-8BDB-A29B45E4B89E}.Release|Any CPU.Build.0 = Release|Any CPU
		{AEAE8BE1-2C7D-4590-8F58-8EEDDC9092F1}.Debug|Any CPU.ActiveCfg = Debug|Any CPU
		{AEAE8BE1-2C7D-4590-8F58-8EEDDC9092F1}.Debug|Any CPU.Build.0 = Debug|Any CPU
		{AEAE8BE1-2C7D-4590-8F58-8EEDDC9092F1}.Release|Any CPU.ActiveCfg = Release|Any CPU
		{AEAE8BE1-2C7D-4590-8F58-8EEDDC9092F1}.Release|Any CPU.Build.0 = Release|Any CPU
	EndGlobalSection
	GlobalSection(SolutionProperties) = preSolution
		HideSolutionNode = FALSE
	EndGlobalSection
	GlobalSection(ExtensibilityGlobals) = postSolution
		SolutionGuid = {DA2324F1-E17B-4616-AE99-8FA18666C841}
	EndGlobalSection
EndGlobal
