
Microsoft Visual Studio Solution File, Format Version 12.00
# Visual Studio Version 17
VisualStudioVersion = 17.11.35303.130
MinimumVisualStudioVersion = 10.0.40219.1
Project("{9A19103F-16F7-4668-BE54-9A1E7A4F7556}") = "anybotics-anymal-api", "anybotics-anymal-api\anybotics-anymal-api.csproj", "{DE715F42-4022-4E0F-A3D0-51B5EF1B3F96}"
EndProject
Project("{9A19103F-16F7-4668-BE54-9A1E7A4F7556}") = "anybotics-anymal-common", "anybotics-anymal-common\anybotics-anymal-common.csproj", "{1D7E2859-5BD0-43C4-9A12-04B431EF6E86}"
EndProject
Project("{9A19103F-16F7-4668-BE54-9A1E7A4F7556}") = "anybotics-unit-tests", "anybotics-unit-tests\anybotics-unit-tests.csproj", "{EB8859E8-5AA6-4D89-9740-2282FF21DD4C}"
EndProject
Global
	GlobalSection(SolutionConfigurationPlatforms) = preSolution
		Debug|Any CPU = Debug|Any CPU
		Release|Any CPU = Release|Any CPU
	EndGlobalSection
	GlobalSection(ProjectConfigurationPlatforms) = postSolution
		{DE715F42-4022-4E0F-A3D0-51B5EF1B3F96}.Debug|Any CPU.ActiveCfg = Debug|Any CPU
		{DE715F42-4022-4E0F-A3D0-51B5EF1B3F96}.Debug|Any CPU.Build.0 = Debug|Any CPU
		{DE715F42-4022-4E0F-A3D0-51B5EF1B3F96}.Release|Any CPU.ActiveCfg = Release|Any CPU
		{DE715F42-4022-4E0F-A3D0-51B5EF1B3F96}.Release|Any CPU.Build.0 = Release|Any CPU
		{1D7E2859-5BD0-43C4-9A12-04B431EF6E86}.Debug|Any CPU.ActiveCfg = Debug|Any CPU
		{1D7E2859-5BD0-43C4-9A12-04B431EF6E86}.Debug|Any CPU.Build.0 = Debug|Any CPU
		{1D7E2859-5BD0-43C4-9A12-04B431EF6E86}.Release|Any CPU.ActiveCfg = Release|Any CPU
		{1D7E2859-5BD0-43C4-9A12-04B431EF6E86}.Release|Any CPU.Build.0 = Release|Any CPU
		{EB8859E8-5AA6-4D89-9740-2282FF21DD4C}.Debug|Any CPU.ActiveCfg = Debug|Any CPU
		{EB8859E8-5AA6-4D89-9740-2282FF21DD4C}.Debug|Any CPU.Build.0 = Debug|Any CPU
		{EB8859E8-5AA6-4D89-9740-2282FF21DD4C}.Release|Any CPU.ActiveCfg = Release|Any CPU
		{EB8859E8-5AA6-4D89-9740-2282FF21DD4C}.Release|Any CPU.Build.0 = Release|Any CPU
	EndGlobalSection
	GlobalSection(SolutionProperties) = preSolution
		HideSolutionNode = FALSE
	EndGlobalSection
	GlobalSection(ExtensibilityGlobals) = postSolution
		SolutionGuid = {DC6C4183-0F08-4C8B-8B12-B864842CE7A5}
	EndGlobalSection
EndGlobal
