
Microsoft Visual Studio Solution File, Format Version 12.00
# Visual Studio Version 17
VisualStudioVersion = 17.11.35222.181
MinimumVisualStudioVersion = 10.0.40219.1
Project("{9A19103F-16F7-4668-BE54-9A1E7A4F7556}") = "airo-auth-microservice", "airo-auth-microservice\airo-auth-microservice.csproj", "{D3A798DE-D0BB-422D-BB48-1E9475A2D6EE}"
EndProject
Project("{9A19103F-16F7-4668-BE54-9A1E7A4F7556}") = "airo-profile-microservice", "airo-profile-microservice\airo-profile-microservice.csproj", "{B1DE4D6A-2E57-4A57-B86A-62D5E3B129D5}"
EndProject
Project("{9A19103F-16F7-4668-BE54-9A1E7A4F7556}") = "airo-common-lib", "airo-common-lib\airo-common-lib.csproj", "{5B9CCCEF-ACC4-4BAD-90F4-67A8E7BF68B4}"
EndProject
Project("{9A19103F-16F7-4668-BE54-9A1E7A4F7556}") = "airo-admin-auth-microservice", "airo-admin-auth-microservice\airo-admin-auth-microservice.csproj", "{EADE8A3F-FC37-4FCB-BF29-48DD9A33DC45}"
EndProject
Project("{9A19103F-16F7-4668-BE54-9A1E7A4F7556}") = "airo-bots-microservice", "airo-bots-microservice\airo-bots-microservice.csproj", "{47E22FC6-2859-4867-9F47-7272CF907A9C}"
EndProject
Project("{9A19103F-16F7-4668-BE54-9A1E7A4F7556}") = "airo-cqrs-eventsourcing-lib", "airo-cqrs-eventsourcing-lib\airo-cqrs-eventsourcing-lib.csproj", "{CF293D32-26AE-4D43-8340-C46D87EE8B00}"
EndProject
Project("{9A19103F-16F7-4668-BE54-9A1E7A4F7556}") = "airo-events-microservice", "airo-events-microservice\airo-events-microservice.csproj", "{AA946884-A05E-4244-872C-5802A15BEBF2}"
EndProject
Project("{9A19103F-16F7-4668-BE54-9A1E7A4F7556}") = "airo-purchase-microservice", "airo-purchase-microservice\airo-purchase-microservice.csproj", "{3763CB71-3D7B-44AF-B514-8F2B590C2F9F}"
EndProject
Project("{2150E333-8FDC-42A3-9474-1A3956D46DE8}") = "Tests", "Tests", "{ECC6C50C-5E65-40CE-AE68-D39533E82357}"
EndProject
Project("{9A19103F-16F7-4668-BE54-9A1E7A4F7556}") = "airo-purchase-tests", "airo-purchase-tests\airo-purchase-tests.csproj", "{DE497E43-DA80-4D23-915F-8BA34FC1144F}"
EndProject
Project("{9A19103F-16F7-4668-BE54-9A1E7A4F7556}") = "airo-bots-tests", "airo-bots-tests\airo-bots-tests.csproj", "{636956AB-AD6F-4BBE-80F2-D945AF4DC8F1}"
EndProject
Project("{9A19103F-16F7-4668-BE54-9A1E7A4F7556}") = "airo-events-tests", "airo-events-tests\airo-events-tests.csproj", "{C8AD6178-1F06-49E6-AB25-2F6F7423C2C0}"
EndProject
Project("{9A19103F-16F7-4668-BE54-9A1E7A4F7556}") = "airo-notification-processor-microservice", "airo-notification-processor-microservice\airo-notification-processor-microservice.csproj", "{91A03966-C628-40A5-94E2-546542B69102}"
EndProject
Project("{2150E333-8FDC-42A3-9474-1A3956D46DE8}") = "Bots", "Bots", "{5AE1877B-3721-4FEC-85C5-0BBD3DD898FD}"
EndProject
Project("{9A19103F-16F7-4668-BE54-9A1E7A4F7556}") = "airo-bots-domain", "airo-bots-domain\airo-bots-domain.csproj", "{8C433D60-FBDD-4587-A870-6A41FC4D1C33}"
EndProject
Project("{2150E333-8FDC-42A3-9474-1A3956D46DE8}") = "Events", "Events", "{9D96AFA2-83E8-41B5-A567-C6E8B3809E24}"
EndProject
Project("{9A19103F-16F7-4668-BE54-9A1E7A4F7556}") = "airo-events-domain", "airo-events-domain\airo-events-domain.csproj", "{FA2A6195-0CB5-47F8-AF2B-26419CC7A0AB}"
EndProject
Project("{9A19103F-16F7-4668-BE54-9A1E7A4F7556}") = "airo-event-simulation-microservice", "airo-event-simulation-microservice\airo-event-simulation-microservice.csproj", "{146F1B09-9D8C-475B-8455-C3A48DBBAC1D}"
EndProject
Project("{2150E333-8FDC-42A3-9474-1A3956D46DE8}") = "Event Subscriptions", "Event Subscriptions", "{E699605B-ECD7-4C8C-AB8B-B0254597982D}"
EndProject
Project("{9A19103F-16F7-4668-BE54-9A1E7A4F7556}") = "airo-event-subscriptions-domain", "airo-event-subscriptions-domain\airo-event-subscriptions-domain.csproj", "{ABB37F13-28CF-4979-A753-F1A780410FC1}"
EndProject
Project("{9A19103F-16F7-4668-BE54-9A1E7A4F7556}") = "airo-event-subscriptions-microservice", "airo-event-subscriptions-microservice\airo-event-subscriptions-microservice.csproj", "{83778346-EB21-4D26-8508-6FAB008D470C}"
EndProject
Project("{2150E333-8FDC-42A3-9474-1A3956D46DE8}") = "Purchase", "Purchase", "{D5C38FDA-0B1A-4707-9147-98128E8A01A9}"
EndProject
Project("{9A19103F-16F7-4668-BE54-9A1E7A4F7556}") = "airo-purchase-domain", "airo-purchase-domain\airo-purchase-domain.csproj", "{D33F905D-0E0B-4FC6-A327-032158DABE74}"
EndProject
Project("{2150E333-8FDC-42A3-9474-1A3956D46DE8}") = "Event Simulation", "Event Simulation", "{790B34F4-4501-43C0-A679-BBC8209C1A9E}"
EndProject
Project("{9A19103F-16F7-4668-BE54-9A1E7A4F7556}") = "airo-event-simulation-domain", "airo-event-simulation-domain\airo-event-simulation-domain.csproj", "{BB3B97D3-F104-4BAE-A3A2-A128094E960D}"
EndProject
Project("{9A19103F-16F7-4668-BE54-9A1E7A4F7556}") = "airo-event-simulation-engine", "airo-event-simulation-engine\airo-event-simulation-engine.csproj", "{22498F15-22C6-4743-BDC3-001422FC2A0D}"
EndProject
Project("{9A19103F-16F7-4668-BE54-9A1E7A4F7556}") = "airo-event-simulation-playground", "airo-event-simulation-playground\airo-event-simulation-playground.csproj", "{7BF6D73A-9F53-4B17-AFCE-93EC24111290}"
EndProject
Project("{9A19103F-16F7-4668-BE54-9A1E7A4F7556}") = "airo-event-simulation-infrastructure", "airo-event-simulation-infrastructure\airo-event-simulation-infrastructure.csproj", "{258EC9F7-CA90-425B-B0B8-26280DF24091}"
EndProject
Project("{2150E333-8FDC-42A3-9474-1A3956D46DE8}") = "Events Scheduler", "Events Scheduler", "{3182EB3A-E61B-4D70-B730-69A354A464F2}"
EndProject
Project("{9A19103F-16F7-4668-BE54-9A1E7A4F7556}") = "airo-events-scheduler", "airo-events-scheduler\airo-events-scheduler.csproj", "{4D721D2B-B852-4215-9D28-FADFB8A1F1D7}"
EndProject
Project("{2150E333-8FDC-42A3-9474-1A3956D46DE8}") = "Leaderboard", "Leaderboard", "{52EEE915-6D02-4616-BB9B-C6AFB716DE53}"
EndProject
Project("{9A19103F-16F7-4668-BE54-9A1E7A4F7556}") = "airo-leaderboard-microservice", "airo-leaderboard-microservice\airo-leaderboard-microservice.csproj", "{F243528F-E78D-4F9A-A1FE-B206BE3A70A1}"
EndProject
Project("{2150E333-8FDC-42A3-9474-1A3956D46DE8}") = "Auth", "Auth", "{DD129CD3-0430-4240-BBC3-B875AC242964}"
EndProject
Project("{2150E333-8FDC-42A3-9474-1A3956D46DE8}") = "Profile", "Profile", "{0E30DBFB-CD50-4B5D-AC21-3365B829FBED}"
EndProject
Project("{2150E333-8FDC-42A3-9474-1A3956D46DE8}") = "Maps", "Maps", "{64D90FC2-E1FC-4719-938C-F26F5ACF39C0}"
EndProject
Project("{FAE04EC0-301F-11D3-BF4B-00C04F79EFBC}") = "airo-maps-microservice", "airo-maps-microservice\airo-maps-microservice.csproj", "{A1B68E47-681E-4506-839C-94A5094931BB}"
EndProject
Global
	GlobalSection(SolutionConfigurationPlatforms) = preSolution
		Debug|Any CPU = Debug|Any CPU
		Release|Any CPU = Release|Any CPU
	EndGlobalSection
	GlobalSection(ProjectConfigurationPlatforms) = postSolution
		{D3A798DE-D0BB-422D-BB48-1E9475A2D6EE}.Debug|Any CPU.ActiveCfg = Debug|Any CPU
		{D3A798DE-D0BB-422D-BB48-1E9475A2D6EE}.Debug|Any CPU.Build.0 = Debug|Any CPU
		{D3A798DE-D0BB-422D-BB48-1E9475A2D6EE}.Release|Any CPU.ActiveCfg = Release|Any CPU
		{D3A798DE-D0BB-422D-BB48-1E9475A2D6EE}.Release|Any CPU.Build.0 = Release|Any CPU
		{B1DE4D6A-2E57-4A57-B86A-62D5E3B129D5}.Debug|Any CPU.ActiveCfg = Debug|Any CPU
		{B1DE4D6A-2E57-4A57-B86A-62D5E3B129D5}.Debug|Any CPU.Build.0 = Debug|Any CPU
		{B1DE4D6A-2E57-4A57-B86A-62D5E3B129D5}.Release|Any CPU.ActiveCfg = Release|Any CPU
		{B1DE4D6A-2E57-4A57-B86A-62D5E3B129D5}.Release|Any CPU.Build.0 = Release|Any CPU
		{5B9CCCEF-ACC4-4BAD-90F4-67A8E7BF68B4}.Debug|Any CPU.ActiveCfg = Debug|Any CPU
		{5B9CCCEF-ACC4-4BAD-90F4-67A8E7BF68B4}.Debug|Any CPU.Build.0 = Debug|Any CPU
		{5B9CCCEF-ACC4-4BAD-90F4-67A8E7BF68B4}.Release|Any CPU.ActiveCfg = Release|Any CPU
		{5B9CCCEF-ACC4-4BAD-90F4-67A8E7BF68B4}.Release|Any CPU.Build.0 = Release|Any CPU
		{EADE8A3F-FC37-4FCB-BF29-48DD9A33DC45}.Debug|Any CPU.ActiveCfg = Debug|Any CPU
		{EADE8A3F-FC37-4FCB-BF29-48DD9A33DC45}.Debug|Any CPU.Build.0 = Debug|Any CPU
		{EADE8A3F-FC37-4FCB-BF29-48DD9A33DC45}.Release|Any CPU.ActiveCfg = Release|Any CPU
		{EADE8A3F-FC37-4FCB-BF29-48DD9A33DC45}.Release|Any CPU.Build.0 = Release|Any CPU
		{47E22FC6-2859-4867-9F47-7272CF907A9C}.Debug|Any CPU.ActiveCfg = Debug|Any CPU
		{47E22FC6-2859-4867-9F47-7272CF907A9C}.Debug|Any CPU.Build.0 = Debug|Any CPU
		{47E22FC6-2859-4867-9F47-7272CF907A9C}.Release|Any CPU.ActiveCfg = Release|Any CPU
		{47E22FC6-2859-4867-9F47-7272CF907A9C}.Release|Any CPU.Build.0 = Release|Any CPU
		{CF293D32-26AE-4D43-8340-C46D87EE8B00}.Debug|Any CPU.ActiveCfg = Debug|Any CPU
		{CF293D32-26AE-4D43-8340-C46D87EE8B00}.Debug|Any CPU.Build.0 = Debug|Any CPU
		{CF293D32-26AE-4D43-8340-C46D87EE8B00}.Release|Any CPU.ActiveCfg = Release|Any CPU
		{CF293D32-26AE-4D43-8340-C46D87EE8B00}.Release|Any CPU.Build.0 = Release|Any CPU
		{AA946884-A05E-4244-872C-5802A15BEBF2}.Debug|Any CPU.ActiveCfg = Debug|Any CPU
		{AA946884-A05E-4244-872C-5802A15BEBF2}.Debug|Any CPU.Build.0 = Debug|Any CPU
		{AA946884-A05E-4244-872C-5802A15BEBF2}.Release|Any CPU.ActiveCfg = Release|Any CPU
		{AA946884-A05E-4244-872C-5802A15BEBF2}.Release|Any CPU.Build.0 = Release|Any CPU
		{3763CB71-3D7B-44AF-B514-8F2B590C2F9F}.Debug|Any CPU.ActiveCfg = Debug|Any CPU
		{3763CB71-3D7B-44AF-B514-8F2B590C2F9F}.Debug|Any CPU.Build.0 = Debug|Any CPU
		{3763CB71-3D7B-44AF-B514-8F2B590C2F9F}.Release|Any CPU.ActiveCfg = Release|Any CPU
		{3763CB71-3D7B-44AF-B514-8F2B590C2F9F}.Release|Any CPU.Build.0 = Release|Any CPU
		{DE497E43-DA80-4D23-915F-8BA34FC1144F}.Debug|Any CPU.ActiveCfg = Debug|Any CPU
		{DE497E43-DA80-4D23-915F-8BA34FC1144F}.Debug|Any CPU.Build.0 = Debug|Any CPU
		{DE497E43-DA80-4D23-915F-8BA34FC1144F}.Release|Any CPU.ActiveCfg = Release|Any CPU
		{DE497E43-DA80-4D23-915F-8BA34FC1144F}.Release|Any CPU.Build.0 = Release|Any CPU
		{636956AB-AD6F-4BBE-80F2-D945AF4DC8F1}.Debug|Any CPU.ActiveCfg = Debug|Any CPU
		{636956AB-AD6F-4BBE-80F2-D945AF4DC8F1}.Debug|Any CPU.Build.0 = Debug|Any CPU
		{636956AB-AD6F-4BBE-80F2-D945AF4DC8F1}.Release|Any CPU.ActiveCfg = Release|Any CPU
		{636956AB-AD6F-4BBE-80F2-D945AF4DC8F1}.Release|Any CPU.Build.0 = Release|Any CPU
		{C8AD6178-1F06-49E6-AB25-2F6F7423C2C0}.Debug|Any CPU.ActiveCfg = Debug|Any CPU
		{C8AD6178-1F06-49E6-AB25-2F6F7423C2C0}.Debug|Any CPU.Build.0 = Debug|Any CPU
		{C8AD6178-1F06-49E6-AB25-2F6F7423C2C0}.Release|Any CPU.ActiveCfg = Release|Any CPU
		{C8AD6178-1F06-49E6-AB25-2F6F7423C2C0}.Release|Any CPU.Build.0 = Release|Any CPU
		{91A03966-C628-40A5-94E2-546542B69102}.Debug|Any CPU.ActiveCfg = Debug|Any CPU
		{91A03966-C628-40A5-94E2-546542B69102}.Debug|Any CPU.Build.0 = Debug|Any CPU
		{91A03966-C628-40A5-94E2-546542B69102}.Release|Any CPU.ActiveCfg = Release|Any CPU
		{91A03966-C628-40A5-94E2-546542B69102}.Release|Any CPU.Build.0 = Release|Any CPU
		{8C433D60-FBDD-4587-A870-6A41FC4D1C33}.Debug|Any CPU.ActiveCfg = Debug|Any CPU
		{8C433D60-FBDD-4587-A870-6A41FC4D1C33}.Debug|Any CPU.Build.0 = Debug|Any CPU
		{8C433D60-FBDD-4587-A870-6A41FC4D1C33}.Release|Any CPU.ActiveCfg = Release|Any CPU
		{8C433D60-FBDD-4587-A870-6A41FC4D1C33}.Release|Any CPU.Build.0 = Release|Any CPU
		{FA2A6195-0CB5-47F8-AF2B-26419CC7A0AB}.Debug|Any CPU.ActiveCfg = Debug|Any CPU
		{FA2A6195-0CB5-47F8-AF2B-26419CC7A0AB}.Debug|Any CPU.Build.0 = Debug|Any CPU
		{FA2A6195-0CB5-47F8-AF2B-26419CC7A0AB}.Release|Any CPU.ActiveCfg = Release|Any CPU
		{FA2A6195-0CB5-47F8-AF2B-26419CC7A0AB}.Release|Any CPU.Build.0 = Release|Any CPU
		{146F1B09-9D8C-475B-8455-C3A48DBBAC1D}.Debug|Any CPU.ActiveCfg = Debug|Any CPU
		{146F1B09-9D8C-475B-8455-C3A48DBBAC1D}.Debug|Any CPU.Build.0 = Debug|Any CPU
		{146F1B09-9D8C-475B-8455-C3A48DBBAC1D}.Release|Any CPU.ActiveCfg = Release|Any CPU
		{146F1B09-9D8C-475B-8455-C3A48DBBAC1D}.Release|Any CPU.Build.0 = Release|Any CPU
		{ABB37F13-28CF-4979-A753-F1A780410FC1}.Debug|Any CPU.ActiveCfg = Debug|Any CPU
		{ABB37F13-28CF-4979-A753-F1A780410FC1}.Debug|Any CPU.Build.0 = Debug|Any CPU
		{ABB37F13-28CF-4979-A753-F1A780410FC1}.Release|Any CPU.ActiveCfg = Release|Any CPU
		{ABB37F13-28CF-4979-A753-F1A780410FC1}.Release|Any CPU.Build.0 = Release|Any CPU
		{83778346-EB21-4D26-8508-6FAB008D470C}.Debug|Any CPU.ActiveCfg = Debug|Any CPU
		{83778346-EB21-4D26-8508-6FAB008D470C}.Debug|Any CPU.Build.0 = Debug|Any CPU
		{83778346-EB21-4D26-8508-6FAB008D470C}.Release|Any CPU.ActiveCfg = Release|Any CPU
		{83778346-EB21-4D26-8508-6FAB008D470C}.Release|Any CPU.Build.0 = Release|Any CPU
		{D33F905D-0E0B-4FC6-A327-032158DABE74}.Debug|Any CPU.ActiveCfg = Debug|Any CPU
		{D33F905D-0E0B-4FC6-A327-032158DABE74}.Debug|Any CPU.Build.0 = Debug|Any CPU
		{D33F905D-0E0B-4FC6-A327-032158DABE74}.Release|Any CPU.ActiveCfg = Release|Any CPU
		{D33F905D-0E0B-4FC6-A327-032158DABE74}.Release|Any CPU.Build.0 = Release|Any CPU
		{BB3B97D3-F104-4BAE-A3A2-A128094E960D}.Debug|Any CPU.ActiveCfg = Debug|Any CPU
		{BB3B97D3-F104-4BAE-A3A2-A128094E960D}.Debug|Any CPU.Build.0 = Debug|Any CPU
		{BB3B97D3-F104-4BAE-A3A2-A128094E960D}.Release|Any CPU.ActiveCfg = Release|Any CPU
		{BB3B97D3-F104-4BAE-A3A2-A128094E960D}.Release|Any CPU.Build.0 = Release|Any CPU
		{22498F15-22C6-4743-BDC3-001422FC2A0D}.Debug|Any CPU.ActiveCfg = Debug|Any CPU
		{22498F15-22C6-4743-BDC3-001422FC2A0D}.Debug|Any CPU.Build.0 = Debug|Any CPU
		{22498F15-22C6-4743-BDC3-001422FC2A0D}.Release|Any CPU.ActiveCfg = Release|Any CPU
		{22498F15-22C6-4743-BDC3-001422FC2A0D}.Release|Any CPU.Build.0 = Release|Any CPU
		{7BF6D73A-9F53-4B17-AFCE-93EC24111290}.Debug|Any CPU.ActiveCfg = Debug|Any CPU
		{7BF6D73A-9F53-4B17-AFCE-93EC24111290}.Debug|Any CPU.Build.0 = Debug|Any CPU
		{7BF6D73A-9F53-4B17-AFCE-93EC24111290}.Release|Any CPU.ActiveCfg = Release|Any CPU
		{7BF6D73A-9F53-4B17-AFCE-93EC24111290}.Release|Any CPU.Build.0 = Release|Any CPU
		{258EC9F7-CA90-425B-B0B8-26280DF24091}.Debug|Any CPU.ActiveCfg = Debug|Any CPU
		{258EC9F7-CA90-425B-B0B8-26280DF24091}.Debug|Any CPU.Build.0 = Debug|Any CPU
		{258EC9F7-CA90-425B-B0B8-26280DF24091}.Release|Any CPU.ActiveCfg = Release|Any CPU
		{258EC9F7-CA90-425B-B0B8-26280DF24091}.Release|Any CPU.Build.0 = Release|Any CPU
		{4D721D2B-B852-4215-9D28-FADFB8A1F1D7}.Debug|Any CPU.ActiveCfg = Debug|Any CPU
		{4D721D2B-B852-4215-9D28-FADFB8A1F1D7}.Debug|Any CPU.Build.0 = Debug|Any CPU
		{4D721D2B-B852-4215-9D28-FADFB8A1F1D7}.Release|Any CPU.ActiveCfg = Release|Any CPU
		{4D721D2B-B852-4215-9D28-FADFB8A1F1D7}.Release|Any CPU.Build.0 = Release|Any CPU
		{F243528F-E78D-4F9A-A1FE-B206BE3A70A1}.Debug|Any CPU.ActiveCfg = Debug|Any CPU
		{F243528F-E78D-4F9A-A1FE-B206BE3A70A1}.Debug|Any CPU.Build.0 = Debug|Any CPU
		{F243528F-E78D-4F9A-A1FE-B206BE3A70A1}.Release|Any CPU.ActiveCfg = Release|Any CPU
		{F243528F-E78D-4F9A-A1FE-B206BE3A70A1}.Release|Any CPU.Build.0 = Release|Any CPU
		{A1B68E47-681E-4506-839C-94A5094931BB}.Debug|Any CPU.ActiveCfg = Debug|Any CPU
		{A1B68E47-681E-4506-839C-94A5094931BB}.Debug|Any CPU.Build.0 = Debug|Any CPU
		{A1B68E47-681E-4506-839C-94A5094931BB}.Release|Any CPU.ActiveCfg = Release|Any CPU
		{A1B68E47-681E-4506-839C-94A5094931BB}.Release|Any CPU.Build.0 = Release|Any CPU
	EndGlobalSection
	GlobalSection(SolutionProperties) = preSolution
		HideSolutionNode = FALSE
	EndGlobalSection
	GlobalSection(NestedProjects) = preSolution
		{D3A798DE-D0BB-422D-BB48-1E9475A2D6EE} = {DD129CD3-0430-4240-BBC3-B875AC242964}
		{B1DE4D6A-2E57-4A57-B86A-62D5E3B129D5} = {0E30DBFB-CD50-4B5D-AC21-3365B829FBED}
		{EADE8A3F-FC37-4FCB-BF29-48DD9A33DC45} = {DD129CD3-0430-4240-BBC3-B875AC242964}
		{47E22FC6-2859-4867-9F47-7272CF907A9C} = {5AE1877B-3721-4FEC-85C5-0BBD3DD898FD}
		{AA946884-A05E-4244-872C-5802A15BEBF2} = {9D96AFA2-83E8-41B5-A567-C6E8B3809E24}
		{3763CB71-3D7B-44AF-B514-8F2B590C2F9F} = {D5C38FDA-0B1A-4707-9147-98128E8A01A9}
		{DE497E43-DA80-4D23-915F-8BA34FC1144F} = {ECC6C50C-5E65-40CE-AE68-D39533E82357}
		{636956AB-AD6F-4BBE-80F2-D945AF4DC8F1} = {ECC6C50C-5E65-40CE-AE68-D39533E82357}
		{C8AD6178-1F06-49E6-AB25-2F6F7423C2C0} = {ECC6C50C-5E65-40CE-AE68-D39533E82357}
		{8C433D60-FBDD-4587-A870-6A41FC4D1C33} = {5AE1877B-3721-4FEC-85C5-0BBD3DD898FD}
		{FA2A6195-0CB5-47F8-AF2B-26419CC7A0AB} = {9D96AFA2-83E8-41B5-A567-C6E8B3809E24}
		{146F1B09-9D8C-475B-8455-C3A48DBBAC1D} = {790B34F4-4501-43C0-A679-BBC8209C1A9E}
		{ABB37F13-28CF-4979-A753-F1A780410FC1} = {E699605B-ECD7-4C8C-AB8B-B0254597982D}
		{83778346-EB21-4D26-8508-6FAB008D470C} = {E699605B-ECD7-4C8C-AB8B-B0254597982D}
		{D33F905D-0E0B-4FC6-A327-032158DABE74} = {D5C38FDA-0B1A-4707-9147-98128E8A01A9}
		{BB3B97D3-F104-4BAE-A3A2-A128094E960D} = {790B34F4-4501-43C0-A679-BBC8209C1A9E}
		{22498F15-22C6-4743-BDC3-001422FC2A0D} = {790B34F4-4501-43C0-A679-BBC8209C1A9E}
		{7BF6D73A-9F53-4B17-AFCE-93EC24111290} = {790B34F4-4501-43C0-A679-BBC8209C1A9E}
		{258EC9F7-CA90-425B-B0B8-26280DF24091} = {790B34F4-4501-43C0-A679-BBC8209C1A9E}
		{4D721D2B-B852-4215-9D28-FADFB8A1F1D7} = {3182EB3A-E61B-4D70-B730-69A354A464F2}
		{F243528F-E78D-4F9A-A1FE-B206BE3A70A1} = {52EEE915-6D02-4616-BB9B-C6AFB716DE53}
		{A1B68E47-681E-4506-839C-94A5094931BB} = {64D90FC2-E1FC-4719-938C-F26F5ACF39C0}
	EndGlobalSection
	GlobalSection(ExtensibilityGlobals) = postSolution
		SolutionGuid = {919F5805-3223-46B9-8C08-BDC0559A7492}
	EndGlobalSection
EndGlobal
