
Microsoft Visual Studio Solution File, Format Version 12.00
# Visual Studio Version 17
VisualStudioVersion = 17.11.35222.181
MinimumVisualStudioVersion = 10.0.40219.1
Project("{9A19103F-16F7-4668-BE54-9A1E7A4F7556}") = "airo-auth-microservice", "airo-auth-microservice\airo-auth-microservice.csproj", "{D3A798DE-D0BB-422D-BB48-1E9475A2D6EE}"
EndProject
Project("{9A19103F-16F7-4668-BE54-9A1E7A4F7556}") = "airo-profile-microservice", "airo-profile-microservice\airo-profile-microservice.csproj", "{B1DE4D6A-2E57-4A57-B86A-62D5E3B129D5}"
EndProject
Project("{9A19103F-16F7-4668-BE54-9A1E7A4F7556}") = "airo-common-lib", "airo-common-lib\airo-common-lib.csproj", "{5B9CCCEF-ACC4-4BAD-90F4-67A8E7BF68B4}"
EndProject
Project("{9A19103F-16F7-4668-BE54-9A1E7A4F7556}") = "airo-admin-auth-microservice", "airo-admin-auth-microservice\airo-admin-auth-microservice.csproj", "{EADE8A3F-FC37-4FCB-BF29-48DD9A33DC45}"
EndProject
Project("{9A19103F-16F7-4668-BE54-9A1E7A4F7556}") = "airo-bots-microservice", "airo-bots-microservice\airo-bots-microservice.csproj", "{47E22FC6-2859-4867-9F47-7272CF907A9C}"
EndProject
Project("{9A19103F-16F7-4668-BE54-9A1E7A4F7556}") = "airo-cqrs-eventsourcing-lib", "airo-cqrs-eventsourcing-lib\airo-cqrs-eventsourcing-lib.csproj", "{CF293D32-26AE-4D43-8340-C46D87EE8B00}"
EndProject
Project("{9A19103F-16F7-4668-BE54-9A1E7A4F7556}") = "airo-events-microservice", "airo-events-microservice\airo-events-microservice.csproj", "{AA946884-A05E-4244-872C-5802A15BEBF2}"
Project("{9A19103F-16F7-4668-BE54-9A1E7A4F7556}") = "airo-purchase-microservice", "airo-purchase-microservice\airo-purchase-microservice.csproj", "{3763CB71-3D7B-44AF-B514-8F2B590C2F9F}"
EndProject
Project("{2150E333-8FDC-42A3-9474-1A3956D46DE8}") = "Tests", "Tests", "{ECC6C50C-5E65-40CE-AE68-D39533E82357}"
EndProject
Project("{FAE04EC0-301F-11D3-BF4B-00C04F79EFBC}") = "airo-purchase-tests", "airo-purchase-tests\airo-purchase-tests.csproj", "{DE497E43-DA80-4D23-915F-8BA34FC1144F}"
EndProject
Project("{FAE04EC0-301F-11D3-BF4B-00C04F79EFBC}") = "airo-bots-tests", "airo-bots-tests\airo-bots-tests.csproj", "{636956AB-AD6F-4BBE-80F2-D945AF4DC8F1}"
EndProject
Global
	GlobalSection(SolutionConfigurationPlatforms) = preSolution
		Debug|Any CPU = Debug|Any CPU
		Release|Any CPU = Release|Any CPU
	EndGlobalSection
	GlobalSection(ProjectConfigurationPlatforms) = postSolution
		{D3A798DE-D0BB-422D-BB48-1E9475A2D6EE}.Debug|Any CPU.ActiveCfg = Debug|Any CPU
		{D3A798DE-D0BB-422D-BB48-1E9475A2D6EE}.Debug|Any CPU.Build.0 = Debug|Any CPU
		{D3A798DE-D0BB-422D-BB48-1E9475A2D6EE}.Release|Any CPU.ActiveCfg = Release|Any CPU
		{D3A798DE-D0BB-422D-BB48-1E9475A2D6EE}.Release|Any CPU.Build.0 = Release|Any CPU
		{B1DE4D6A-2E57-4A57-B86A-62D5E3B129D5}.Debug|Any CPU.ActiveCfg = Debug|Any CPU
		{B1DE4D6A-2E57-4A57-B86A-62D5E3B129D5}.Debug|Any CPU.Build.0 = Debug|Any CPU
		{B1DE4D6A-2E57-4A57-B86A-62D5E3B129D5}.Release|Any CPU.ActiveCfg = Release|Any CPU
		{B1DE4D6A-2E57-4A57-B86A-62D5E3B129D5}.Release|Any CPU.Build.0 = Release|Any CPU
		{5B9CCCEF-ACC4-4BAD-90F4-67A8E7BF68B4}.Debug|Any CPU.ActiveCfg = Debug|Any CPU
		{5B9CCCEF-ACC4-4BAD-90F4-67A8E7BF68B4}.Debug|Any CPU.Build.0 = Debug|Any CPU
		{5B9CCCEF-ACC4-4BAD-90F4-67A8E7BF68B4}.Release|Any CPU.ActiveCfg = Release|Any CPU
		{5B9CCCEF-ACC4-4BAD-90F4-67A8E7BF68B4}.Release|Any CPU.Build.0 = Release|Any CPU
		{EADE8A3F-FC37-4FCB-BF29-48DD9A33DC45}.Debug|Any CPU.ActiveCfg = Debug|Any CPU
		{EADE8A3F-FC37-4FCB-BF29-48DD9A33DC45}.Debug|Any CPU.Build.0 = Debug|Any CPU
		{EADE8A3F-FC37-4FCB-BF29-48DD9A33DC45}.Release|Any CPU.ActiveCfg = Release|Any CPU
		{EADE8A3F-FC37-4FCB-BF29-48DD9A33DC45}.Release|Any CPU.Build.0 = Release|Any CPU
		{47E22FC6-2859-4867-9F47-7272CF907A9C}.Debug|Any CPU.ActiveCfg = Debug|Any CPU
		{47E22FC6-2859-4867-9F47-7272CF907A9C}.Debug|Any CPU.Build.0 = Debug|Any CPU
		{47E22FC6-2859-4867-9F47-7272CF907A9C}.Release|Any CPU.ActiveCfg = Release|Any CPU
		{47E22FC6-2859-4867-9F47-7272CF907A9C}.Release|Any CPU.Build.0 = Release|Any CPU
		{CF293D32-26AE-4D43-8340-C46D87EE8B00}.Debug|Any CPU.ActiveCfg = Debug|Any CPU
		{CF293D32-26AE-4D43-8340-C46D87EE8B00}.Debug|Any CPU.Build.0 = Debug|Any CPU
		{CF293D32-26AE-4D43-8340-C46D87EE8B00}.Release|Any CPU.ActiveCfg = Release|Any CPU
		{CF293D32-26AE-4D43-8340-C46D87EE8B00}.Release|Any CPU.Build.0 = Release|Any CPU
		{AA946884-A05E-4244-872C-5802A15BEBF2}.Debug|Any CPU.ActiveCfg = Debug|Any CPU
		{AA946884-A05E-4244-872C-5802A15BEBF2}.Debug|Any CPU.Build.0 = Debug|Any CPU
		{AA946884-A05E-4244-872C-5802A15BEBF2}.Release|Any CPU.ActiveCfg = Release|Any CPU
		{AA946884-A05E-4244-872C-5802A15BEBF2}.Release|Any CPU.Build.0 = Release|Any CPU
		{3763CB71-3D7B-44AF-B514-8F2B590C2F9F}.Debug|Any CPU.ActiveCfg = Debug|Any CPU
		{3763CB71-3D7B-44AF-B514-8F2B590C2F9F}.Debug|Any CPU.Build.0 = Debug|Any CPU
		{3763CB71-3D7B-44AF-B514-8F2B590C2F9F}.Release|Any CPU.ActiveCfg = Release|Any CPU
		{3763CB71-3D7B-44AF-B514-8F2B590C2F9F}.Release|Any CPU.Build.0 = Release|Any CPU
		{DE497E43-DA80-4D23-915F-8BA34FC1144F}.Debug|Any CPU.ActiveCfg = Debug|Any CPU
		{DE497E43-DA80-4D23-915F-8BA34FC1144F}.Debug|Any CPU.Build.0 = Debug|Any CPU
		{DE497E43-DA80-4D23-915F-8BA34FC1144F}.Release|Any CPU.ActiveCfg = Release|Any CPU
		{DE497E43-DA80-4D23-915F-8BA34FC1144F}.Release|Any CPU.Build.0 = Release|Any CPU
		{636956AB-AD6F-4BBE-80F2-D945AF4DC8F1}.Debug|Any CPU.ActiveCfg = Debug|Any CPU
		{636956AB-AD6F-4BBE-80F2-D945AF4DC8F1}.Debug|Any CPU.Build.0 = Debug|Any CPU
		{636956AB-AD6F-4BBE-80F2-D945AF4DC8F1}.Release|Any CPU.ActiveCfg = Release|Any CPU
		{636956AB-AD6F-4BBE-80F2-D945AF4DC8F1}.Release|Any CPU.Build.0 = Release|Any CPU
	EndGlobalSection
	GlobalSection(SolutionProperties) = preSolution
		HideSolutionNode = FALSE
	EndGlobalSection
	GlobalSection(NestedProjects) = preSolution
		{DE497E43-DA80-4D23-915F-8BA34FC1144F} = {ECC6C50C-5E65-40CE-AE68-D39533E82357}
		{636956AB-AD6F-4BBE-80F2-D945AF4DC8F1} = {ECC6C50C-5E65-40CE-AE68-D39533E82357}
	EndGlobalSection
	GlobalSection(ExtensibilityGlobals) = postSolution
		SolutionGuid = {919F5805-3223-46B9-8C08-BDC0559A7492}
	EndGlobalSection
EndGlobal
